
Microsoft Visual Studio Solution File, Format Version 12.00
# Visual Studio 15
VisualStudioVersion = 15.0.26228.4
MinimumVisualStudioVersion = 10.0.40219.1
Project("{2150E333-8FDC-42A3-9474-1A3956D46DE8}") = "1-Layers", "1-Layers", "{1662BA48-61BE-44B2-BFCD-A6B1EBBD4029}"
EndProject
Project("{2150E333-8FDC-42A3-9474-1A3956D46DE8}") = "2-Infrastructure", "2-Infrastructure", "{0BBF157D-071B-41C6-9DF9-FE5039E058B7}"
EndProject
Project("{2150E333-8FDC-42A3-9474-1A3956D46DE8}") = "1-1 Presentation", "1-1 Presentation", "{C4420B80-D1CA-4EC1-A9E3-4A5F80FF998B}"
EndProject
Project("{2150E333-8FDC-42A3-9474-1A3956D46DE8}") = "1-2 Application", "1-2 Application", "{5BF85DD1-E466-4462-9713-12381CE5D237}"
EndProject
Project("{2150E333-8FDC-42A3-9474-1A3956D46DE8}") = "1-3 Repositories", "1-3 Repositories", "{7169BAE2-CF7C-4832-BBF7-83976E439E76}"
EndProject
Project("{2150E333-8FDC-42A3-9474-1A3956D46DE8}") = "1-4 Domain", "1-4 Domain", "{19B211CE-2946-4509-A98B-9F608CD77ADA}"
EndProject
Project("{FAE04EC0-301F-11D3-BF4B-00C04F79EFBC}") = "Web.Portal", "Web.Portal\Web.Portal.csproj", "{49D455F5-18AB-48F3-A5FC-5C729BF5D723}"
EndProject
Project("{FAE04EC0-301F-11D3-BF4B-00C04F79EFBC}") = "Application", "Application\Application.csproj", "{2ED0F9C9-BDA1-44F0-9249-05D2895E4B91}"
EndProject
Project("{FAE04EC0-301F-11D3-BF4B-00C04F79EFBC}") = "Repository", "Repository\Repository.csproj", "{6DB87E91-37E1-42C6-865E-1242CB4AA5D8}"
EndProject
Project("{FAE04EC0-301F-11D3-BF4B-00C04F79EFBC}") = "Domain", "Domain\Domain.csproj", "{76D1971B-8402-4574-B313-4A5174F05024}"
EndProject
Project("{FAE04EC0-301F-11D3-BF4B-00C04F79EFBC}") = "Infrastructure", "Infrastructure\Infrastructure.csproj", "{639A5C41-C570-4EAC-980D-04812A773C83}"
EndProject
Global
	GlobalSection(SolutionConfigurationPlatforms) = preSolution
		Debug|Any CPU = Debug|Any CPU
		Release|Any CPU = Release|Any CPU
	EndGlobalSection
	GlobalSection(ProjectConfigurationPlatforms) = postSolution
		{49D455F5-18AB-48F3-A5FC-5C729BF5D723}.Debug|Any CPU.ActiveCfg = Debug|Any CPU
		{49D455F5-18AB-48F3-A5FC-5C729BF5D723}.Debug|Any CPU.Build.0 = Debug|Any CPU
		{49D455F5-18AB-48F3-A5FC-5C729BF5D723}.Release|Any CPU.ActiveCfg = Release|Any CPU
		{49D455F5-18AB-48F3-A5FC-5C729BF5D723}.Release|Any CPU.Build.0 = Release|Any CPU
		{2ED0F9C9-BDA1-44F0-9249-05D2895E4B91}.Debug|Any CPU.ActiveCfg = Debug|Any CPU
		{2ED0F9C9-BDA1-44F0-9249-05D2895E4B91}.Debug|Any CPU.Build.0 = Debug|Any CPU
		{2ED0F9C9-BDA1-44F0-9249-05D2895E4B91}.Release|Any CPU.ActiveCfg = Release|Any CPU
		{2ED0F9C9-BDA1-44F0-9249-05D2895E4B91}.Release|Any CPU.Build.0 = Release|Any CPU
		{6DB87E91-37E1-42C6-865E-1242CB4AA5D8}.Debug|Any CPU.ActiveCfg = Debug|Any CPU
		{6DB87E91-37E1-42C6-865E-1242CB4AA5D8}.Debug|Any CPU.Build.0 = Debug|Any CPU
		{6DB87E91-37E1-42C6-865E-1242CB4AA5D8}.Release|Any CPU.ActiveCfg = Release|Any CPU
		{6DB87E91-37E1-42C6-865E-1242CB4AA5D8}.Release|Any CPU.Build.0 = Release|Any CPU
		{76D1971B-8402-4574-B313-4A5174F05024}.Debug|Any CPU.ActiveCfg = Debug|Any CPU
		{76D1971B-8402-4574-B313-4A5174F05024}.Debug|Any CPU.Build.0 = Debug|Any CPU
		{76D1971B-8402-4574-B313-4A5174F05024}.Release|Any CPU.ActiveCfg = Release|Any CPU
		{76D1971B-8402-4574-B313-4A5174F05024}.Release|Any CPU.Build.0 = Release|Any CPU
		{639A5C41-C570-4EAC-980D-04812A773C83}.Debug|Any CPU.ActiveCfg = Debug|Any CPU
		{639A5C41-C570-4EAC-980D-04812A773C83}.Debug|Any CPU.Build.0 = Debug|Any CPU
		{639A5C41-C570-4EAC-980D-04812A773C83}.Release|Any CPU.ActiveCfg = Release|Any CPU
		{639A5C41-C570-4EAC-980D-04812A773C83}.Release|Any CPU.Build.0 = Release|Any CPU
	EndGlobalSection
	GlobalSection(SolutionProperties) = preSolution
		HideSolutionNode = FALSE
	EndGlobalSection
	GlobalSection(NestedProjects) = preSolution
		{C4420B80-D1CA-4EC1-A9E3-4A5F80FF998B} = {1662BA48-61BE-44B2-BFCD-A6B1EBBD4029}
		{5BF85DD1-E466-4462-9713-12381CE5D237} = {1662BA48-61BE-44B2-BFCD-A6B1EBBD4029}
		{7169BAE2-CF7C-4832-BBF7-83976E439E76} = {1662BA48-61BE-44B2-BFCD-A6B1EBBD4029}
		{19B211CE-2946-4509-A98B-9F608CD77ADA} = {1662BA48-61BE-44B2-BFCD-A6B1EBBD4029}
		{49D455F5-18AB-48F3-A5FC-5C729BF5D723} = {C4420B80-D1CA-4EC1-A9E3-4A5F80FF998B}
		{2ED0F9C9-BDA1-44F0-9249-05D2895E4B91} = {5BF85DD1-E466-4462-9713-12381CE5D237}
		{6DB87E91-37E1-42C6-865E-1242CB4AA5D8} = {7169BAE2-CF7C-4832-BBF7-83976E439E76}
		{76D1971B-8402-4574-B313-4A5174F05024} = {19B211CE-2946-4509-A98B-9F608CD77ADA}
		{639A5C41-C570-4EAC-980D-04812A773C83} = {0BBF157D-071B-41C6-9DF9-FE5039E058B7}
	EndGlobalSection
EndGlobal
